
Microsoft Visual Studio Solution File, Format Version 12.00
# Visual Studio Version 17
VisualStudioVersion = 17.4.33205.214
MinimumVisualStudioVersion = 10.0.40219.1
Project("{9A19103F-16F7-4668-BE54-9A1E7A4F7556}") = "Yui", "Yui\Yui.csproj", "{482A3FC1-6529-4AAB-8D57-2925B3BABE82}"
EndProject
Global
	GlobalSection(SolutionConfigurationPlatforms) = preSolution
		Debug|Any CPU = Debug|Any CPU
		Release|Any CPU = Release|Any CPU
	EndGlobalSection
	GlobalSection(ProjectConfigurationPlatforms) = postSolution
		{482A3FC1-6529-4AAB-8D57-2925B3BABE82}.Debug|Any CPU.ActiveCfg = Debug|Any CPU
		{482A3FC1-6529-4AAB-8D57-2925B3BABE82}.Debug|Any CPU.Build.0 = Debug|Any CPU
		{482A3FC1-6529-4AAB-8D57-2925B3BABE82}.Release|Any CPU.ActiveCfg = Release|Any CPU
		{482A3FC1-6529-4AAB-8D57-2925B3BABE82}.Release|Any CPU.Build.0 = Release|Any CPU
	EndGlobalSection
	GlobalSection(SolutionProperties) = preSolution
		HideSolutionNode = FALSE
	EndGlobalSection
	GlobalSection(ExtensibilityGlobals) = postSolution
		SolutionGuid = {3AA6FECD-18FC-4D6C-A55B-C8BC3C54A6C1}
	EndGlobalSection
EndGlobal
